
Microsoft Visual Studio Solution File, Format Version 12.00
# Visual Studio Version 16
VisualStudioVersion = 16.0.29215.179
MinimumVisualStudioVersion = 10.0.40219.1
Project("{9A19103F-16F7-4668-BE54-9A1E7A4F7556}") = "2c2pAssignment", "2c2pAssignment\2c2pAssignment.csproj", "{C6F95711-BD6D-45DA-8D88-0475A2584C83}"
EndProject
Project("{9A19103F-16F7-4668-BE54-9A1E7A4F7556}") = "2c2pAssignmentTest", "2c2pAssignmentTest\2c2pAssignmentTest.csproj", "{F90B49B4-27C6-41D0-B89E-D7202BA39E49}"
EndProject
Project("{00D1A9C2-B5F0-4AF3-8072-F6C62B433612}") = "2c2pDataBase", "2c2pDataBase\2c2pDataBase.sqlproj", "{0A0BE495-2116-4BA6-B7EC-5AFEA8519C13}"
EndProject
Global
	GlobalSection(SolutionConfigurationPlatforms) = preSolution
		Debug|Any CPU = Debug|Any CPU
		Release|Any CPU = Release|Any CPU
	EndGlobalSection
	GlobalSection(ProjectConfigurationPlatforms) = postSolution
		{C6F95711-BD6D-45DA-8D88-0475A2584C83}.Debug|Any CPU.ActiveCfg = Debug|Any CPU
		{C6F95711-BD6D-45DA-8D88-0475A2584C83}.Debug|Any CPU.Build.0 = Debug|Any CPU
		{C6F95711-BD6D-45DA-8D88-0475A2584C83}.Release|Any CPU.ActiveCfg = Release|Any CPU
		{C6F95711-BD6D-45DA-8D88-0475A2584C83}.Release|Any CPU.Build.0 = Release|Any CPU
		{F90B49B4-27C6-41D0-B89E-D7202BA39E49}.Debug|Any CPU.ActiveCfg = Debug|Any CPU
		{F90B49B4-27C6-41D0-B89E-D7202BA39E49}.Debug|Any CPU.Build.0 = Debug|Any CPU
		{F90B49B4-27C6-41D0-B89E-D7202BA39E49}.Release|Any CPU.ActiveCfg = Release|Any CPU
		{F90B49B4-27C6-41D0-B89E-D7202BA39E49}.Release|Any CPU.Build.0 = Release|Any CPU
		{0A0BE495-2116-4BA6-B7EC-5AFEA8519C13}.Debug|Any CPU.ActiveCfg = Debug|Any CPU
		{0A0BE495-2116-4BA6-B7EC-5AFEA8519C13}.Debug|Any CPU.Build.0 = Debug|Any CPU
		{0A0BE495-2116-4BA6-B7EC-5AFEA8519C13}.Debug|Any CPU.Deploy.0 = Debug|Any CPU
		{0A0BE495-2116-4BA6-B7EC-5AFEA8519C13}.Release|Any CPU.ActiveCfg = Release|Any CPU
		{0A0BE495-2116-4BA6-B7EC-5AFEA8519C13}.Release|Any CPU.Build.0 = Release|Any CPU
		{0A0BE495-2116-4BA6-B7EC-5AFEA8519C13}.Release|Any CPU.Deploy.0 = Release|Any CPU
	EndGlobalSection
	GlobalSection(SolutionProperties) = preSolution
		HideSolutionNode = FALSE
	EndGlobalSection
	GlobalSection(ExtensibilityGlobals) = postSolution
		SolutionGuid = {2E82706C-20AB-4230-92AE-A3C33FFB3488}
	EndGlobalSection
EndGlobal
